<?xml version="1.0" encoding="UTF-8" standalone="yes" ?>
<CodeBlocks_project_file>
	<FileVersion major="1" minor="6" />
	<Project>
		<Option title="Login" />
		<Option platforms="Unix;" />
		<Option pch_mode="2" />
		<Option compiler="gcc" />
		<Build>
			<Target title="Debug">
				<Option output="./Login/bin/Debug/Login" prefix_auto="1" extension_auto="1" />
				<Option object_output="./Login/obj/Debug/" />
				<Option type="1" />
				<Option compiler="gcc" />
				<Compiler>
					<Add option="-std=c++11" />
					<Add option="-w" />
					<Add option="-g" />
					<Add option="-lpqxx -lpq" />
					<Add directory="../../Common" />
					<Add directory="../../Login" />
				</Compiler>
				<Linker>
					<Add library="/usr/lib/libpqxx.so" />
				</Linker>
			</Target>
			<Target title="Release">
				<Option output="./Login/bin/Release/Login" prefix_auto="1" extension_auto="1" />
				<Option object_output="./Login/obj/Release/" />
				<Option type="1" />
				<Option compiler="gcc" />
				<Compiler>
					<Add option="-O2" />
				</Compiler>
				<Linker>
					<Add option="-s" />
				</Linker>
			</Target>
		</Build>
		<Compiler>
			<Add option="-Wall" />
			<Add option="-fexceptions" />
		</Compiler>
		<Unit filename="../../common/config/INIReader.cpp" />
		<Unit filename="../../common/config/INIReader.h" />
		<Unit filename="../../common/config/ini.c">
			<Option compilerVar="CC" />
		</Unit>
		<Unit filename="../../common/config/ini.h" />
		<Unit filename="../../common/database/database.cpp" />
		<Unit filename="../../common/database/database.h" />
		<Unit filename="../../common/utils/logger.cpp" />
		<Unit filename="../../common/utils/logger.h" />
		<Unit filename="../../common/utils/singleton.h" />
		<Unit filename="../../common/utils/time.cpp" />
		<Unit filename="../../common/utils/time.h" />
		<Unit filename="../../login/config/config.cpp" />
		<Unit filename="../../login/config/config.h" />
		<Unit filename="../../login/main.cpp" />
		<Extensions>
			<code_completion />
			<debugger />
		</Extensions>
	</Project>
</CodeBlocks_project_file>
