<?xml version="1.0" encoding="UTF-8" standalone="yes" ?>
<CodeBlocks_project_file>
	<FileVersion major="1" minor="6" />
	<Project>
		<Option title="Login" />
		<Option platforms="Unix;" />
		<Option pch_mode="2" />
		<Option compiler="gcc" />
		<Build>
			<Target title="Debug">
				<Option output="./Login/bin/Debug/Login" prefix_auto="1" extension_auto="1" />
				<Option object_output="./Login/obj/Debug/" />
				<Option type="1" />
				<Option compiler="gcc" />
				<Compiler>
					<Add option="-std=c++11" />
					<Add option="-w" />
					<Add option="-g" />
				</Compiler>
			</Target>
			<Target title="Release">
				<Option output="./Login/bin/Release/Login" prefix_auto="1" extension_auto="1" />
				<Option object_output="./Login/obj/Release/" />
				<Option type="1" />
				<Option compiler="gcc" />
				<Compiler>
					<Add option="-O2" />
					<Add option="-std=c++11" />
					<Add option="-w" />
				</Compiler>
				<Linker>
					<Add option="-s" />
				</Linker>
			</Target>
		</Build>
		<Compiler>
			<Add option="-Wall" />
			<Add option="-fexceptions" />
			<Add option="-DLOGIN_SERVER" />
			<Add directory="../../common" />
			<Add directory="../../login" />
		</Compiler>
		<Linker>
			<Add library="/usr/lib/libpqxx.so" />
			<Add library="/usr/lib/libboost_system.so" />
		</Linker>
		<Unit filename="../../common/bytes/byte_buffer.cpp" />
		<Unit filename="../../common/bytes/byte_buffer.hpp" />
		<Unit filename="../../common/config/config.cpp" />
		<Unit filename="../../common/config/config.hpp" />
		<Unit filename="../../common/config/third_party/pugiconfig.hpp" />
		<Unit filename="../../common/config/third_party/pugixml.cpp" />
		<Unit filename="../../common/config/third_party/pugixml.hpp" />
		<Unit filename="../../common/database/database.cpp" />
		<Unit filename="../../common/database/database.hpp" />
		<Unit filename="../../common/database/orm.hpp" />
		<Unit filename="../../common/database/tables/account.hpp" />
		<Unit filename="../../common/utils/logger.cpp" />
		<Unit filename="../../common/utils/logger.hpp" />
		<Unit filename="../../common/utils/singleton.hpp" />
		<Unit filename="../../common/utils/time.cpp" />
		<Unit filename="../../common/utils/time.hpp" />
		<Unit filename="../../login/default_config.hpp" />
		<Unit filename="../../login/main.cpp" />
		<Unit filename="../../login/server.cpp" />
		<Unit filename="../../login/server.hpp" />
		<Extensions>
			<code_completion />
			<debugger />
			<envvars />
		</Extensions>
	</Project>
</CodeBlocks_project_file>
